
Microsoft Visual Studio Solution File, Format Version 12.00
# Visual Studio Version 17
VisualStudioVersion = 17.6.33815.320
MinimumVisualStudioVersion = 10.0.40219.1
Project("{888888A0-9F3D-457C-B088-3A5042F75D52}") = "Practika", "Practika\Practika.pyproj", "{EBF8DD96-1959-4989-A54C-008CD36FADAF}"
EndProject
Global
	GlobalSection(SolutionConfigurationPlatforms) = preSolution
		Debug|Any CPU = Debug|Any CPU
		Release|Any CPU = Release|Any CPU
	EndGlobalSection
	GlobalSection(ProjectConfigurationPlatforms) = postSolution
		{EBF8DD96-1959-4989-A54C-008CD36FADAF}.Debug|Any CPU.ActiveCfg = Debug|Any CPU
		{EBF8DD96-1959-4989-A54C-008CD36FADAF}.Release|Any CPU.ActiveCfg = Release|Any CPU
	EndGlobalSection
	GlobalSection(SolutionProperties) = preSolution
		HideSolutionNode = FALSE
	EndGlobalSection
	GlobalSection(ExtensibilityGlobals) = postSolution
		SolutionGuid = {3DB56ED8-A6E2-480B-A69B-E00E98B0B7CB}
	EndGlobalSection
EndGlobal
